{
  "name": "github-nvim-theme",
  "lockfileVersion": 3,
  "requires": true,
  "packages": {
    "": {
      "name": "github-nvim-theme",
      "dependencies": {
        "@primer/primitives": "^8.2.4"
      }
    },
    "node_modules/@primer/primitives": {
      "version": "8.2.4",
      "resolved": "https://registry.npmjs.org/@primer/primitives/-/primitives-8.2.4.tgz",
      "integrity": "sha512-gOLLcqSpscOL8Or/RzUUiZdB7kCuOfeuIzMpJQwxvim6igK2sFROBXzdYoSHbH6lOmIabbpPd2lX5rfMWsUjKA==",
      "license": "MIT",
      "engines": {
        "node": ">=18.18.0 <18.19.0"
      }
    }
  }
}
